// !$*UTF8*$!
{
	archiveVersion = 1;
	classes = {
	};
	objectVersion = 56;
	objects = {

/* Begin PBXBuildFile section */
		346481062CCE0F0F0091A22F /* WebKit.framework in Frameworks */ = {isa = PBXBuildFile; fileRef = 346481052CCE0F0F0091A22F /* WebKit.framework */; };
		348A0CCD2CCE02BB00899EDD /* DrinkTableViewCell.swift in Sources */ = {isa = PBXBuildFile; fileRef = 348A0CCC2CCE02BB00899EDD /* DrinkTableViewCell.swift */; };
		34F9D17A2CCDD4CF002CE566 /* AppDelegate.swift in Sources */ = {isa = PBXBuildFile; fileRef = 34F9D1792CCDD4CF002CE566 /* AppDelegate.swift */; };
		34F9D17C2CCDD4CF002CE566 /* SceneDelegate.swift in Sources */ = {isa = PBXBuildFile; fileRef = 34F9D17B2CCDD4CF002CE566 /* SceneDelegate.swift */; };
		34F9D17E2CCDD4CF002CE566 /* ViewController.swift in Sources */ = {isa = PBXBuildFile; fileRef = 34F9D17D2CCDD4CF002CE566 /* ViewController.swift */; };
		34F9D1812CCDD4CF002CE566 /* Base in Resources */ = {isa = PBXBuildFile; fileRef = 34F9D1802CCDD4CF002CE566 /* Base */; };
		34F9D1832CCDD4D0002CE566 /* Assets.xcassets in Resources */ = {isa = PBXBuildFile; fileRef = 34F9D1822CCDD4D0002CE566 /* Assets.xcassets */; };
		34F9D1862CCDD4D0002CE566 /* Base in Resources */ = {isa = PBXBuildFile; fileRef = 34F9D1852CCDD4D0002CE566 /* Base */; };
		34F9D18E2CCDD5EA002CE566 /* InternetMonitor.swift in Sources */ = {isa = PBXBuildFile; fileRef = 34F9D18D2CCDD5EA002CE566 /* InternetMonitor.swift */; };
		34F9D1902CCDDCF6002CE566 /* DataManager.swift in Sources */ = {isa = PBXBuildFile; fileRef = 34F9D18F2CCDDCF6002CE566 /* DataManager.swift */; };
		34F9D1972CCDE8A5002CE566 /* Drink.swift in Sources */ = {isa = PBXBuildFile; fileRef = 34F9D1962CCDE8A5002CE566 /* Drink.swift */; };
		34F9D1992CCDE8FD002CE566 /* DrinksListViewController.swift in Sources */ = {isa = PBXBuildFile; fileRef = 34F9D1982CCDE8FD002CE566 /* DrinksListViewController.swift */; };
		34F9D19B2CCDE9D7002CE566 /* RecipeViewController.swift in Sources */ = {isa = PBXBuildFile; fileRef = 34F9D19A2CCDE9D7002CE566 /* RecipeViewController.swift */; };
		34F9D1A12CCDF4E1002CE566 /* BarmanDataModel.xcdatamodeld in Sources */ = {isa = PBXBuildFile; fileRef = 34F9D19F2CCDF4E1002CE566 /* BarmanDataModel.xcdatamodeld */; };
/* End PBXBuildFile section */

/* Begin PBXFileReference section */
		346481052CCE0F0F0091A22F /* WebKit.framework */ = {isa = PBXFileReference; lastKnownFileType = wrapper.framework; name = WebKit.framework; path = System/Library/Frameworks/WebKit.framework; sourceTree = SDKROOT; };
		348A0CCC2CCE02BB00899EDD /* DrinkTableViewCell.swift */ = {isa = PBXFileReference; lastKnownFileType = sourcecode.swift; path = DrinkTableViewCell.swift; sourceTree = "<group>"; };
		34F9D1762CCDD4CF002CE566 /* Final Project Barman.app */ = {isa = PBXFileReference; explicitFileType = wrapper.application; includeInIndex = 0; path = "Final Project Barman.app"; sourceTree = BUILT_PRODUCTS_DIR; };
		34F9D1792CCDD4CF002CE566 /* AppDelegate.swift */ = {isa = PBXFileReference; lastKnownFileType = sourcecode.swift; path = AppDelegate.swift; sourceTree = "<group>"; };
		34F9D17B2CCDD4CF002CE566 /* SceneDelegate.swift */ = {isa = PBXFileReference; lastKnownFileType = sourcecode.swift; path = SceneDelegate.swift; sourceTree = "<group>"; };
		34F9D17D2CCDD4CF002CE566 /* ViewController.swift */ = {isa = PBXFileReference; lastKnownFileType = sourcecode.swift; path = ViewController.swift; sourceTree = "<group>"; };
		34F9D1802CCDD4CF002CE566 /* Base */ = {isa = PBXFileReference; lastKnownFileType = file.storyboard; name = Base; path = Base.lproj/Main.storyboard; sourceTree = "<group>"; };
		34F9D1822CCDD4D0002CE566 /* Assets.xcassets */ = {isa = PBXFileReference; lastKnownFileType = folder.assetcatalog; path = Assets.xcassets; sourceTree = "<group>"; };
		34F9D1852CCDD4D0002CE566 /* Base */ = {isa = PBXFileReference; lastKnownFileType = file.storyboard; name = Base; path = Base.lproj/LaunchScreen.storyboard; sourceTree = "<group>"; };
		34F9D1872CCDD4D0002CE566 /* Info.plist */ = {isa = PBXFileReference; lastKnownFileType = text.plist.xml; path = Info.plist; sourceTree = "<group>"; };
		34F9D18D2CCDD5EA002CE566 /* InternetMonitor.swift */ = {isa = PBXFileReference; lastKnownFileType = sourcecode.swift; path = InternetMonitor.swift; sourceTree = "<group>"; };
		34F9D18F2CCDDCF6002CE566 /* DataManager.swift */ = {isa = PBXFileReference; lastKnownFileType = sourcecode.swift; path = DataManager.swift; sourceTree = "<group>"; };
		34F9D1962CCDE8A5002CE566 /* Drink.swift */ = {isa = PBXFileReference; lastKnownFileType = sourcecode.swift; path = Drink.swift; sourceTree = "<group>"; };
		34F9D1982CCDE8FD002CE566 /* DrinksListViewController.swift */ = {isa = PBXFileReference; lastKnownFileType = sourcecode.swift; path = DrinksListViewController.swift; sourceTree = "<group>"; };
		34F9D19A2CCDE9D7002CE566 /* RecipeViewController.swift */ = {isa = PBXFileReference; lastKnownFileType = sourcecode.swift; path = RecipeViewController.swift; sourceTree = "<group>"; };
		34F9D1A02CCDF4E1002CE566 /* BarmanDataModel.xcdatamodel */ = {isa = PBXFileReference; lastKnownFileType = wrapper.xcdatamodel; path = BarmanDataModel.xcdatamodel; sourceTree = "<group>"; };
/* End PBXFileReference section */

/* Begin PBXFrameworksBuildPhase section */
		34F9D1732CCDD4CF002CE566 /* Frameworks */ = {
			isa = PBXFrameworksBuildPhase;
			buildActionMask = 2147483647;
			files = (
				346481062CCE0F0F0091A22F /* WebKit.framework in Frameworks */,
			);
			runOnlyForDeploymentPostprocessing = 0;
		};
/* End PBXFrameworksBuildPhase section */

/* Begin PBXGroup section */
		346481042CCE0F0F0091A22F /* Frameworks */ = {
			isa = PBXGroup;
			children = (
				346481052CCE0F0F0091A22F /* WebKit.framework */,
			);
			name = Frameworks;
			sourceTree = "<group>";
		};
		34F9D16D2CCDD4CF002CE566 = {
			isa = PBXGroup;
			children = (
				34F9D1782CCDD4CF002CE566 /* Final Project Barman */,
				34F9D1772CCDD4CF002CE566 /* Products */,
				346481042CCE0F0F0091A22F /* Frameworks */,
			);
			sourceTree = "<group>";
		};
		34F9D1772CCDD4CF002CE566 /* Products */ = {
			isa = PBXGroup;
			children = (
				34F9D1762CCDD4CF002CE566 /* Final Project Barman.app */,
			);
			name = Products;
			sourceTree = "<group>";
		};
		34F9D1782CCDD4CF002CE566 /* Final Project Barman */ = {
			isa = PBXGroup;
			children = (
				34F9D1792CCDD4CF002CE566 /* AppDelegate.swift */,
				34F9D1962CCDE8A5002CE566 /* Drink.swift */,
				34F9D17B2CCDD4CF002CE566 /* SceneDelegate.swift */,
				34F9D17D2CCDD4CF002CE566 /* ViewController.swift */,
				34F9D17F2CCDD4CF002CE566 /* Main.storyboard */,
				34F9D1822CCDD4D0002CE566 /* Assets.xcassets */,
				34F9D1842CCDD4D0002CE566 /* LaunchScreen.storyboard */,
				34F9D1872CCDD4D0002CE566 /* Info.plist */,
				34F9D18D2CCDD5EA002CE566 /* InternetMonitor.swift */,
				34F9D18F2CCDDCF6002CE566 /* DataManager.swift */,
				34F9D1982CCDE8FD002CE566 /* DrinksListViewController.swift */,
				34F9D19A2CCDE9D7002CE566 /* RecipeViewController.swift */,
				34F9D19F2CCDF4E1002CE566 /* BarmanDataModel.xcdatamodeld */,
				348A0CCC2CCE02BB00899EDD /* DrinkTableViewCell.swift */,
			);
			path = "Final Project Barman";
			sourceTree = "<group>";
		};
/* End PBXGroup section */

/* Begin PBXNativeTarget section */
		34F9D1752CCDD4CF002CE566 /* Final Project Barman */ = {
			isa = PBXNativeTarget;
			buildConfigurationList = 34F9D18A2CCDD4D0002CE566 /* Build configuration list for PBXNativeTarget "Final Project Barman" */;
			buildPhases = (
				34F9D1722CCDD4CF002CE566 /* Sources */,
				34F9D1732CCDD4CF002CE566 /* Frameworks */,
				34F9D1742CCDD4CF002CE566 /* Resources */,
			);
			buildRules = (
			);
			dependencies = (
			);
			name = "Final Project Barman";
			productName = "Final Project Barman";
			productReference = 34F9D1762CCDD4CF002CE566 /* Final Project Barman.app */;
			productType = "com.apple.product-type.application";
		};
/* End PBXNativeTarget section */

/* Begin PBXProject section */
		34F9D16E2CCDD4CF002CE566 /* Project object */ = {
			isa = PBXProject;
			attributes = {
				BuildIndependentTargetsInParallel = 1;
				LastSwiftUpdateCheck = 1540;
				LastUpgradeCheck = 1540;
				TargetAttributes = {
					34F9D1752CCDD4CF002CE566 = {
						CreatedOnToolsVersion = 15.4;
					};
				};
			};
			buildConfigurationList = 34F9D1712CCDD4CF002CE566 /* Build configuration list for PBXProject "Final Project Barman" */;
			compatibilityVersion = "Xcode 14.0";
			developmentRegion = en;
			hasScannedForEncodings = 0;
			knownRegions = (
				en,
				Base,
			);
			mainGroup = 34F9D16D2CCDD4CF002CE566;
			productRefGroup = 34F9D1772CCDD4CF002CE566 /* Products */;
			projectDirPath = "";
			projectRoot = "";
			targets = (
				34F9D1752CCDD4CF002CE566 /* Final Project Barman */,
			);
		};
/* End PBXProject section */

/* Begin PBXResourcesBuildPhase section */
		34F9D1742CCDD4CF002CE566 /* Resources */ = {
			isa = PBXResourcesBuildPhase;
			buildActionMask = 2147483647;
			files = (
				34F9D1832CCDD4D0002CE566 /* Assets.xcassets in Resources */,
				34F9D1862CCDD4D0002CE566 /* Base in Resources */,
				34F9D1812CCDD4CF002CE566 /* Base in Resources */,
			);
			runOnlyForDeploymentPostprocessing = 0;
		};
/* End PBXResourcesBuildPhase section */

/* Begin PBXSourcesBuildPhase section */
		34F9D1722CCDD4CF002CE566 /* Sources */ = {
			isa = PBXSourcesBuildPhase;
			buildActionMask = 2147483647;
			files = (
				34F9D17E2CCDD4CF002CE566 /* ViewController.swift in Sources */,
				34F9D1902CCDDCF6002CE566 /* DataManager.swift in Sources */,
				34F9D1992CCDE8FD002CE566 /* DrinksListViewController.swift in Sources */,
				34F9D18E2CCDD5EA002CE566 /* InternetMonitor.swift in Sources */,
				348A0CCD2CCE02BB00899EDD /* DrinkTableViewCell.swift in Sources */,
				34F9D19B2CCDE9D7002CE566 /* RecipeViewController.swift in Sources */,
				34F9D17A2CCDD4CF002CE566 /* AppDelegate.swift in Sources */,
				34F9D1972CCDE8A5002CE566 /* Drink.swift in Sources */,
				34F9D17C2CCDD4CF002CE566 /* SceneDelegate.swift in Sources */,
				34F9D1A12CCDF4E1002CE566 /* BarmanDataModel.xcdatamodeld in Sources */,
			);
			runOnlyForDeploymentPostprocessing = 0;
		};
/* End PBXSourcesBuildPhase section */

/* Begin PBXVariantGroup section */
		34F9D17F2CCDD4CF002CE566 /* Main.storyboard */ = {
			isa = PBXVariantGroup;
			children = (
				34F9D1802CCDD4CF002CE566 /* Base */,
			);
			name = Main.storyboard;
			sourceTree = "<group>";
		};
		34F9D1842CCDD4D0002CE566 /* LaunchScreen.storyboard */ = {
			isa = PBXVariantGroup;
			children = (
				34F9D1852CCDD4D0002CE566 /* Base */,
			);
			name = LaunchScreen.storyboard;
			sourceTree = "<group>";
		};
/* End PBXVariantGroup section */

/* Begin XCBuildConfiguration section */
		34F9D1882CCDD4D0002CE566 /* Debug */ = {
			isa = XCBuildConfiguration;
			buildSettings = {
				ALWAYS_SEARCH_USER_PATHS = NO;
				ASSETCATALOG_COMPILER_GENERATE_SWIFT_ASSET_SYMBOL_EXTENSIONS = YES;
				CLANG_ANALYZER_NONNULL = YES;
				CLANG_ANALYZER_NUMBER_OBJECT_CONVERSION = YES_AGGRESSIVE;
				CLANG_CXX_LANGUAGE_STANDARD = "gnu++20";
				CLANG_ENABLE_MODULES = YES;
				CLANG_ENABLE_OBJC_ARC = YES;
				CLANG_ENABLE_OBJC_WEAK = YES;
				CLANG_WARN_BLOCK_CAPTURE_AUTORELEASING = YES;
				CLANG_WARN_BOOL_CONVERSION = YES;
				CLANG_WARN_COMMA = YES;
				CLANG_WARN_CONSTANT_CONVERSION = YES;
				CLANG_WARN_DEPRECATED_OBJC_IMPLEMENTATIONS = YES;
				CLANG_WARN_DIRECT_OBJC_ISA_USAGE = YES_ERROR;
				CLANG_WARN_DOCUMENTATION_COMMENTS = YES;
				CLANG_WARN_EMPTY_BODY = YES;
				CLANG_WARN_ENUM_CONVERSION = YES;
				CLANG_WARN_INFINITE_RECURSION = YES;
				CLANG_WARN_INT_CONVERSION = YES;
				CLANG_WARN_NON_LITERAL_NULL_CONVERSION = YES;
				CLANG_WARN_OBJC_IMPLICIT_RETAIN_SELF = YES;
				CLANG_WARN_OBJC_LITERAL_CONVERSION = YES;
				CLANG_WARN_OBJC_ROOT_CLASS = YES_ERROR;
				CLANG_WARN_QUOTED_INCLUDE_IN_FRAMEWORK_HEADER = YES;
				CLANG_WARN_RANGE_LOOP_ANALYSIS = YES;
				CLANG_WARN_STRICT_PROTOTYPES = YES;
				CLANG_WARN_SUSPICIOUS_MOVE = YES;
				CLANG_WARN_UNGUARDED_AVAILABILITY = YES_AGGRESSIVE;
				CLANG_WARN_UNREACHABLE_CODE = YES;
				CLANG_WARN__DUPLICATE_METHOD_MATCH = YES;
				COPY_PHASE_STRIP = NO;
				DEBUG_INFORMATION_FORMAT = dwarf;
				ENABLE_STRICT_OBJC_MSGSEND = YES;
				ENABLE_TESTABILITY = YES;
				ENABLE_USER_SCRIPT_SANDBOXING = YES;
				GCC_C_LANGUAGE_STANDARD = gnu17;
				GCC_DYNAMIC_NO_PIC = NO;
				GCC_NO_COMMON_BLOCKS = YES;
				GCC_OPTIMIZATION_LEVEL = 0;
				GCC_PREPROCESSOR_DEFINITIONS = (
					"DEBUG=1",
					"$(inherited)",
				);
				GCC_WARN_64_TO_32_BIT_CONVERSION = YES;
				GCC_WARN_ABOUT_RETURN_TYPE = YES_ERROR;
				GCC_WARN_UNDECLARED_SELECTOR = YES;
				GCC_WARN_UNINITIALIZED_AUTOS = YES_AGGRESSIVE;
				GCC_WARN_UNUSED_FUNCTION = YES;
				GCC_WARN_UNUSED_VARIABLE = YES;
				IPHONEOS_DEPLOYMENT_TARGET = 17.5;
				LOCALIZATION_PREFERS_STRING_CATALOGS = YES;
				MTL_ENABLE_DEBUG_INFO = INCLUDE_SOURCE;
				MTL_FAST_MATH = YES;
				ONLY_ACTIVE_ARCH = YES;
				SDKROOT = iphoneos;
				SWIFT_ACTIVE_COMPILATION_CONDITIONS = "DEBUG $(inherited)";
				SWIFT_OPTIMIZATION_LEVEL = "-Onone";
			};
			name = Debug;
		};
		34F9D1892CCDD4D0002CE566 /* Release */ = {
			isa = XCBuildConfiguration;
			buildSettings = {
				ALWAYS_SEARCH_USER_PATHS = NO;
				ASSETCATALOG_COMPILER_GENERATE_SWIFT_ASSET_SYMBOL_EXTENSIONS = YES;
				CLANG_ANALYZER_NONNULL = YES;
				CLANG_ANALYZER_NUMBER_OBJECT_CONVERSION = YES_AGGRESSIVE;
				CLANG_CXX_LANGUAGE_STANDARD = "gnu++20";
				CLANG_ENABLE_MODULES = YES;
				CLANG_ENABLE_OBJC_ARC = YES;
				CLANG_ENABLE_OBJC_WEAK = YES;
				CLANG_WARN_BLOCK_CAPTURE_AUTORELEASING = YES;
				CLANG_WARN_BOOL_CONVERSION = YES;
				CLANG_WARN_COMMA = YES;
				CLANG_WARN_CONSTANT_CONVERSION = YES;
				CLANG_WARN_DEPRECATED_OBJC_IMPLEMENTATIONS = YES;
				CLANG_WARN_DIRECT_OBJC_ISA_USAGE = YES_ERROR;
				CLANG_WARN_DOCUMENTATION_COMMENTS = YES;
				CLANG_WARN_EMPTY_BODY = YES;
				CLANG_WARN_ENUM_CONVERSION = YES;
				CLANG_WARN_INFINITE_RECURSION = YES;
				CLANG_WARN_INT_CONVERSION = YES;
				CLANG_WARN_NON_LITERAL_NULL_CONVERSION = YES;
				CLANG_WARN_OBJC_IMPLICIT_RETAIN_SELF = YES;
				CLANG_WARN_OBJC_LITERAL_CONVERSION = YES;
				CLANG_WARN_OBJC_ROOT_CLASS = YES_ERROR;
				CLANG_WARN_QUOTED_INCLUDE_IN_FRAMEWORK_HEADER = YES;
				CLANG_WARN_RANGE_LOOP_ANALYSIS = YES;
				CLANG_WARN_STRICT_PROTOTYPES = YES;
				CLANG_WARN_SUSPICIOUS_MOVE = YES;
				CLANG_WARN_UNGUARDED_AVAILABILITY = YES_AGGRESSIVE;
				CLANG_WARN_UNREACHABLE_CODE = YES;
				CLANG_WARN__DUPLICATE_METHOD_MATCH = YES;
				COPY_PHASE_STRIP = NO;
				DEBUG_INFORMATION_FORMAT = "dwarf-with-dsym";
				ENABLE_NS_ASSERTIONS = NO;
				ENABLE_STRICT_OBJC_MSGSEND = YES;
				ENABLE_USER_SCRIPT_SANDBOXING = YES;
				GCC_C_LANGUAGE_STANDARD = gnu17;
				GCC_NO_COMMON_BLOCKS = YES;
				GCC_WARN_64_TO_32_BIT_CONVERSION = YES;
				GCC_WARN_ABOUT_RETURN_TYPE = YES_ERROR;
				GCC_WARN_UNDECLARED_SELECTOR = YES;
				GCC_WARN_UNINITIALIZED_AUTOS = YES_AGGRESSIVE;
				GCC_WARN_UNUSED_FUNCTION = YES;
				GCC_WARN_UNUSED_VARIABLE = YES;
				IPHONEOS_DEPLOYMENT_TARGET = 17.5;
				LOCALIZATION_PREFERS_STRING_CATALOGS = YES;
				MTL_ENABLE_DEBUG_INFO = NO;
				MTL_FAST_MATH = YES;
				SDKROOT = iphoneos;
				SWIFT_COMPILATION_MODE = wholemodule;
				VALIDATE_PRODUCT = YES;
			};
			name = Release;
		};
		34F9D18B2CCDD4D0002CE566 /* Debug */ = {
			isa = XCBuildConfiguration;
			buildSettings = {
				ASSETCATALOG_COMPILER_APPICON_NAME = AppIcon;
				ASSETCATALOG_COMPILER_GLOBAL_ACCENT_COLOR_NAME = AccentColor;
				CODE_SIGN_STYLE = Automatic;
				CURRENT_PROJECT_VERSION = 1;
				DEVELOPMENT_TEAM = 5U753FXZ82;
				GENERATE_INFOPLIST_FILE = YES;
				INFOPLIST_FILE = "Final Project Barman/Info.plist";
				INFOPLIST_KEY_UIApplicationSupportsIndirectInputEvents = YES;
				INFOPLIST_KEY_UILaunchStoryboardName = LaunchScreen;
				INFOPLIST_KEY_UIMainStoryboardFile = Main;
				INFOPLIST_KEY_UISupportedInterfaceOrientations_iPad = "UIInterfaceOrientationPortrait UIInterfaceOrientationPortraitUpsideDown UIInterfaceOrientationLandscapeLeft UIInterfaceOrientationLandscapeRight";
				INFOPLIST_KEY_UISupportedInterfaceOrientations_iPhone = "UIInterfaceOrientationPortrait UIInterfaceOrientationLandscapeLeft UIInterfaceOrientationLandscapeRight";
				LD_RUNPATH_SEARCH_PATHS = (
					"$(inherited)",
					"@executable_path/Frameworks",
				);
				MARKETING_VERSION = 1.0;
				PRODUCT_BUNDLE_IDENTIFIER = "org.enigma.Final-Project-Barman";
				PRODUCT_NAME = "$(TARGET_NAME)";
				SWIFT_EMIT_LOC_STRINGS = YES;
				SWIFT_VERSION = 5.0;
				TARGETED_DEVICE_FAMILY = "1,2";
			};
			name = Debug;
		};
		34F9D18C2CCDD4D0002CE566 /* Release */ = {
			isa = XCBuildConfiguration;
			buildSettings = {
				ASSETCATALOG_COMPILER_APPICON_NAME = AppIcon;
				ASSETCATALOG_COMPILER_GLOBAL_ACCENT_COLOR_NAME = AccentColor;
				CODE_SIGN_STYLE = Automatic;
				CURRENT_PROJECT_VERSION = 1;
				DEVELOPMENT_TEAM = 5U753FXZ82;
				GENERATE_INFOPLIST_FILE = YES;
				INFOPLIST_FILE = "Final Project Barman/Info.plist";
				INFOPLIST_KEY_UIApplicationSupportsIndirectInputEvents = YES;
				INFOPLIST_KEY_UILaunchStoryboardName = LaunchScreen;
				INFOPLIST_KEY_UIMainStoryboardFile = Main;
				INFOPLIST_KEY_UISupportedInterfaceOrientations_iPad = "UIInterfaceOrientationPortrait UIInterfaceOrientationPortraitUpsideDown UIInterfaceOrientationLandscapeLeft UIInterfaceOrientationLandscapeRight";
				INFOPLIST_KEY_UISupportedInterfaceOrientations_iPhone = "UIInterfaceOrientationPortrait UIInterfaceOrientationLandscapeLeft UIInterfaceOrientationLandscapeRight";
				LD_RUNPATH_SEARCH_PATHS = (
					"$(inherited)",
					"@executable_path/Frameworks",
				);
				MARKETING_VERSION = 1.0;
				PRODUCT_BUNDLE_IDENTIFIER = "org.enigma.Final-Project-Barman";
				PRODUCT_NAME = "$(TARGET_NAME)";
				SWIFT_EMIT_LOC_STRINGS = YES;
				SWIFT_VERSION = 5.0;
				TARGETED_DEVICE_FAMILY = "1,2";
			};
			name = Release;
		};
/* End XCBuildConfiguration section */

/* Begin XCConfigurationList section */
		34F9D1712CCDD4CF002CE566 /* Build configuration list for PBXProject "Final Project Barman" */ = {
			isa = XCConfigurationList;
			buildConfigurations = (
				34F9D1882CCDD4D0002CE566 /* Debug */,
				34F9D1892CCDD4D0002CE566 /* Release */,
			);
			defaultConfigurationIsVisible = 0;
			defaultConfigurationName = Release;
		};
		34F9D18A2CCDD4D0002CE566 /* Build configuration list for PBXNativeTarget "Final Project Barman" */ = {
			isa = XCConfigurationList;
			buildConfigurations = (
				34F9D18B2CCDD4D0002CE566 /* Debug */,
				34F9D18C2CCDD4D0002CE566 /* Release */,
			);
			defaultConfigurationIsVisible = 0;
			defaultConfigurationName = Release;
		};
/* End XCConfigurationList section */

/* Begin XCVersionGroup section */
		34F9D19F2CCDF4E1002CE566 /* BarmanDataModel.xcdatamodeld */ = {
			isa = XCVersionGroup;
			children = (
				34F9D1A02CCDF4E1002CE566 /* BarmanDataModel.xcdatamodel */,
			);
			currentVersion = 34F9D1A02CCDF4E1002CE566 /* BarmanDataModel.xcdatamodel */;
			path = BarmanDataModel.xcdatamodeld;
			sourceTree = "<group>";
			versionGroupType = wrapper.xcdatamodel;
		};
/* End XCVersionGroup section */
	};
	rootObject = 34F9D16E2CCDD4CF002CE566 /* Project object */;
}
